
Microsoft Visual Studio Solution File, Format Version 12.00
# Visual Studio Version 17
VisualStudioVersion = 17.14.36408.4 d17.14
MinimumVisualStudioVersion = 10.0.40219.1
Project("{FAE04EC0-301F-11D3-BF4B-00C04F79EFBC}") = "SimulationSpeedTimer", "SimulationSpeedTimer\SimulationSpeedTimer.csproj", "{FA47B7F2-4A3C-42C8-B03C-8233BC5BD283}"
EndProject
Global
	GlobalSection(SolutionConfigurationPlatforms) = preSolution
		Debug|Any CPU = Debug|Any CPU
		Release|Any CPU = Release|Any CPU
	EndGlobalSection
	GlobalSection(ProjectConfigurationPlatforms) = postSolution
		{FA47B7F2-4A3C-42C8-B03C-8233BC5BD283}.Debug|Any CPU.ActiveCfg = Debug|Any CPU
		{FA47B7F2-4A3C-42C8-B03C-8233BC5BD283}.Debug|Any CPU.Build.0 = Debug|Any CPU
		{FA47B7F2-4A3C-42C8-B03C-8233BC5BD283}.Release|Any CPU.ActiveCfg = Release|Any CPU
		{FA47B7F2-4A3C-42C8-B03C-8233BC5BD283}.Release|Any CPU.Build.0 = Release|Any CPU
	EndGlobalSection
	GlobalSection(SolutionProperties) = preSolution
		HideSolutionNode = FALSE
	EndGlobalSection
	GlobalSection(ExtensibilityGlobals) = postSolution
		SolutionGuid = {AEB6BC07-DE30-4B70-81CD-612549F75F71}
	EndGlobalSection
EndGlobal
